# This file is automatically @generated by Cargo.
# It is not intended for manual editing.
version = 4

[[package]]
name = "whisp"
version = "0.1.0"

[[package]]
name = "whisp_lexer"
version = "0.1.0"

[[package]]
name = "whisp_parser"
version = "0.1.0"
dependencies = [
 "whisp_lexer",
]

[[package]]
name = "whisp_runtime"
version = "0.1.0"
dependencies = [
 "whisp_parser",
]
