# This file is automatically @generated by Cargo.
# It is not intended for manual editing.
version = 4

[[package]]
name = "whisp"
version = "0.1.0"

[[package]]
name = "whisp-lexer"
version = "0.1.0"

[[package]]
name = "whisp-parser"
version = "0.1.0"

[[package]]
name = "whisp-runtime"
version = "0.1.0"
